
Microsoft Visual Studio Solution File, Format Version 12.00
# Visual Studio Version 17
VisualStudioVersion = 17.8.34330.188
MinimumVisualStudioVersion = 10.0.40219.1
Project("{9A19103F-16F7-4668-BE54-9A1E7A4F7556}") = "Core", "Core\Core.csproj", "{B6D32BC2-0E72-4D53-A922-5F4AD1C0326C}"
EndProject
Project("{9A19103F-16F7-4668-BE54-9A1E7A4F7556}") = "Bank.DAL", "Bank.DAL\Bank.DAL.csproj", "{E723800A-40BD-443B-A752-1989879EEDD5}"
EndProject
Project("{2150E333-8FDC-42A3-9474-1A3956D46DE8}") = "Core.Lib", "Core.Lib", "{B3201BF0-E8C9-46C4-935E-95649B108CC5}"
EndProject
Project("{9A19103F-16F7-4668-BE54-9A1E7A4F7556}") = "Core.DAL", "Core.Lib\Core.DAL\Core.DAL.csproj", "{6EAB01CF-7BF2-4AAA-BFA6-B3B2CDCBF9BA}"
EndProject
Project("{9A19103F-16F7-4668-BE54-9A1E7A4F7556}") = "Core.DTO", "Core.Lib\Core.DTO\Core.DTO.csproj", "{F56BC097-7518-4086-AB93-E649DDA00D67}"
EndProject
Project("{9A19103F-16F7-4668-BE54-9A1E7A4F7556}") = "Bank.DTO", "Bank.DTO\Bank.DTO.csproj", "{038C3FAF-2F91-4773-BE4E-DF9B227E030F}"
EndProject
Project("{9A19103F-16F7-4668-BE54-9A1E7A4F7556}") = "CreditService", "CreditService\CreditService.csproj", "{0DC35691-C091-4F1A-AE28-7EF2F61493C2}"
EndProject
Project("{9A19103F-16F7-4668-BE54-9A1E7A4F7556}") = "UserService", "UserService\UserService.csproj", "{C03CEDB3-6717-4E1C-AE34-5BECE6F4B049}"
EndProject
Project("{9A19103F-16F7-4668-BE54-9A1E7A4F7556}") = "Core.BL", "Core.Lib\Core.BL\Core.BL.csproj", "{99FDEFA5-42E8-4D38-A215-BF7E2788A3DD}"
EndProject
Project("{9A19103F-16F7-4668-BE54-9A1E7A4F7556}") = "Bank.BL", "Bank.BL\Bank.BL.csproj", "{6D2CB6A0-06F9-4B8E-8C1E-7867B60DAC34}"
EndProject
Project("{E53339B2-1760-4266-BCC7-CA923CBCF16C}") = "docker-compose", "docker-compose.dcproj", "{F1AA005C-D742-4FC2-A450-6BCBD7965C8D}"
EndProject
Project("{9A19103F-16F7-4668-BE54-9A1E7A4F7556}") = "IdentityServer", "IndentityServer\IdentityServer.csproj", "{7A6C56F4-702B-4FF4-B194-E32FC161261F}"
EndProject
Project("{9A19103F-16F7-4668-BE54-9A1E7A4F7556}") = "StorageService", "StorageService\StorageService.csproj", "{CC606DFF-1628-494A-B385-91D95EC2B11B}"
EndProject
Global
	GlobalSection(SolutionConfigurationPlatforms) = preSolution
		Debug|Any CPU = Debug|Any CPU
		Release|Any CPU = Release|Any CPU
	EndGlobalSection
	GlobalSection(ProjectConfigurationPlatforms) = postSolution
		{B6D32BC2-0E72-4D53-A922-5F4AD1C0326C}.Debug|Any CPU.ActiveCfg = Debug|Any CPU
		{B6D32BC2-0E72-4D53-A922-5F4AD1C0326C}.Debug|Any CPU.Build.0 = Debug|Any CPU
		{B6D32BC2-0E72-4D53-A922-5F4AD1C0326C}.Release|Any CPU.ActiveCfg = Release|Any CPU
		{B6D32BC2-0E72-4D53-A922-5F4AD1C0326C}.Release|Any CPU.Build.0 = Release|Any CPU
		{E723800A-40BD-443B-A752-1989879EEDD5}.Debug|Any CPU.ActiveCfg = Debug|Any CPU
		{E723800A-40BD-443B-A752-1989879EEDD5}.Debug|Any CPU.Build.0 = Debug|Any CPU
		{E723800A-40BD-443B-A752-1989879EEDD5}.Release|Any CPU.ActiveCfg = Release|Any CPU
		{E723800A-40BD-443B-A752-1989879EEDD5}.Release|Any CPU.Build.0 = Release|Any CPU
		{6EAB01CF-7BF2-4AAA-BFA6-B3B2CDCBF9BA}.Debug|Any CPU.ActiveCfg = Debug|Any CPU
		{6EAB01CF-7BF2-4AAA-BFA6-B3B2CDCBF9BA}.Debug|Any CPU.Build.0 = Debug|Any CPU
		{6EAB01CF-7BF2-4AAA-BFA6-B3B2CDCBF9BA}.Release|Any CPU.ActiveCfg = Release|Any CPU
		{6EAB01CF-7BF2-4AAA-BFA6-B3B2CDCBF9BA}.Release|Any CPU.Build.0 = Release|Any CPU
		{F56BC097-7518-4086-AB93-E649DDA00D67}.Debug|Any CPU.ActiveCfg = Debug|Any CPU
		{F56BC097-7518-4086-AB93-E649DDA00D67}.Debug|Any CPU.Build.0 = Debug|Any CPU
		{F56BC097-7518-4086-AB93-E649DDA00D67}.Release|Any CPU.ActiveCfg = Release|Any CPU
		{F56BC097-7518-4086-AB93-E649DDA00D67}.Release|Any CPU.Build.0 = Release|Any CPU
		{038C3FAF-2F91-4773-BE4E-DF9B227E030F}.Debug|Any CPU.ActiveCfg = Debug|Any CPU
		{038C3FAF-2F91-4773-BE4E-DF9B227E030F}.Debug|Any CPU.Build.0 = Debug|Any CPU
		{038C3FAF-2F91-4773-BE4E-DF9B227E030F}.Release|Any CPU.ActiveCfg = Release|Any CPU
		{038C3FAF-2F91-4773-BE4E-DF9B227E030F}.Release|Any CPU.Build.0 = Release|Any CPU
		{0DC35691-C091-4F1A-AE28-7EF2F61493C2}.Debug|Any CPU.ActiveCfg = Debug|Any CPU
		{0DC35691-C091-4F1A-AE28-7EF2F61493C2}.Debug|Any CPU.Build.0 = Debug|Any CPU
		{0DC35691-C091-4F1A-AE28-7EF2F61493C2}.Release|Any CPU.ActiveCfg = Release|Any CPU
		{0DC35691-C091-4F1A-AE28-7EF2F61493C2}.Release|Any CPU.Build.0 = Release|Any CPU
		{C03CEDB3-6717-4E1C-AE34-5BECE6F4B049}.Debug|Any CPU.ActiveCfg = Debug|Any CPU
		{C03CEDB3-6717-4E1C-AE34-5BECE6F4B049}.Debug|Any CPU.Build.0 = Debug|Any CPU
		{C03CEDB3-6717-4E1C-AE34-5BECE6F4B049}.Release|Any CPU.ActiveCfg = Release|Any CPU
		{C03CEDB3-6717-4E1C-AE34-5BECE6F4B049}.Release|Any CPU.Build.0 = Release|Any CPU
		{99FDEFA5-42E8-4D38-A215-BF7E2788A3DD}.Debug|Any CPU.ActiveCfg = Debug|Any CPU
		{99FDEFA5-42E8-4D38-A215-BF7E2788A3DD}.Debug|Any CPU.Build.0 = Debug|Any CPU
		{99FDEFA5-42E8-4D38-A215-BF7E2788A3DD}.Release|Any CPU.ActiveCfg = Release|Any CPU
		{99FDEFA5-42E8-4D38-A215-BF7E2788A3DD}.Release|Any CPU.Build.0 = Release|Any CPU
		{6D2CB6A0-06F9-4B8E-8C1E-7867B60DAC34}.Debug|Any CPU.ActiveCfg = Debug|Any CPU
		{6D2CB6A0-06F9-4B8E-8C1E-7867B60DAC34}.Debug|Any CPU.Build.0 = Debug|Any CPU
		{6D2CB6A0-06F9-4B8E-8C1E-7867B60DAC34}.Release|Any CPU.ActiveCfg = Release|Any CPU
		{6D2CB6A0-06F9-4B8E-8C1E-7867B60DAC34}.Release|Any CPU.Build.0 = Release|Any CPU
		{F1AA005C-D742-4FC2-A450-6BCBD7965C8D}.Debug|Any CPU.ActiveCfg = Debug|Any CPU
		{F1AA005C-D742-4FC2-A450-6BCBD7965C8D}.Debug|Any CPU.Build.0 = Debug|Any CPU
		{F1AA005C-D742-4FC2-A450-6BCBD7965C8D}.Release|Any CPU.ActiveCfg = Release|Any CPU
		{F1AA005C-D742-4FC2-A450-6BCBD7965C8D}.Release|Any CPU.Build.0 = Release|Any CPU
		{7A6C56F4-702B-4FF4-B194-E32FC161261F}.Debug|Any CPU.ActiveCfg = Debug|Any CPU
		{7A6C56F4-702B-4FF4-B194-E32FC161261F}.Debug|Any CPU.Build.0 = Debug|Any CPU
		{7A6C56F4-702B-4FF4-B194-E32FC161261F}.Release|Any CPU.ActiveCfg = Release|Any CPU
		{7A6C56F4-702B-4FF4-B194-E32FC161261F}.Release|Any CPU.Build.0 = Release|Any CPU
		{CC606DFF-1628-494A-B385-91D95EC2B11B}.Debug|Any CPU.ActiveCfg = Debug|Any CPU
		{CC606DFF-1628-494A-B385-91D95EC2B11B}.Debug|Any CPU.Build.0 = Debug|Any CPU
		{CC606DFF-1628-494A-B385-91D95EC2B11B}.Release|Any CPU.ActiveCfg = Release|Any CPU
		{CC606DFF-1628-494A-B385-91D95EC2B11B}.Release|Any CPU.Build.0 = Release|Any CPU
	EndGlobalSection
	GlobalSection(SolutionProperties) = preSolution
		HideSolutionNode = FALSE
	EndGlobalSection
	GlobalSection(NestedProjects) = preSolution
		{6EAB01CF-7BF2-4AAA-BFA6-B3B2CDCBF9BA} = {B3201BF0-E8C9-46C4-935E-95649B108CC5}
		{F56BC097-7518-4086-AB93-E649DDA00D67} = {B3201BF0-E8C9-46C4-935E-95649B108CC5}
		{99FDEFA5-42E8-4D38-A215-BF7E2788A3DD} = {B3201BF0-E8C9-46C4-935E-95649B108CC5}
	EndGlobalSection
	GlobalSection(ExtensibilityGlobals) = postSolution
		SolutionGuid = {073322FB-23BB-4C8F-8531-CA0034B44276}
	EndGlobalSection
EndGlobal
